
Microsoft Visual Studio Solution File, Format Version 12.00
# Visual Studio Version 17
VisualStudioVersion = 17.9.34714.143
MinimumVisualStudioVersion = 10.0.40219.1
Project("{FAE04EC0-301F-11D3-BF4B-00C04F79EFBC}") = "Filetxt", "BT01\Filetxt.csproj", "{02FAE78E-28CD-451A-A5AD-0B6636BE8A87}"
EndProject
Project("{FAE04EC0-301F-11D3-BF4B-00C04F79EFBC}") = "KetNoiCSDL", "KetNoiCSDL\KetNoiCSDL.csproj", "{6A80172D-EAC4-4122-9DC8-22ECBC25B8C7}"
EndProject
Project("{FAE04EC0-301F-11D3-BF4B-00C04F79EFBC}") = "TruyXuatAccess", "BT02\TruyXuatAccess.csproj", "{3C93C2DC-16D6-4CAA-995B-21353909F64D}"
EndProject
Project("{FAE04EC0-301F-11D3-BF4B-00C04F79EFBC}") = "TruyXuatSQL", "TruyXuatSQL\TruyXuatSQL.csproj", "{B5376B38-36C8-4DDD-B21E-9E19BB7F3FE2}"
EndProject
Project("{FAE04EC0-301F-11D3-BF4B-00C04F79EFBC}") = "BindingPhai", "BindingPhai\BindingPhai.csproj", "{F4487535-D56F-4748-A495-3870DDC89C20}"
EndProject
Global
	GlobalSection(SolutionConfigurationPlatforms) = preSolution
		Debug|Any CPU = Debug|Any CPU
		Release|Any CPU = Release|Any CPU
	EndGlobalSection
	GlobalSection(ProjectConfigurationPlatforms) = postSolution
		{02FAE78E-28CD-451A-A5AD-0B6636BE8A87}.Debug|Any CPU.ActiveCfg = Debug|Any CPU
		{02FAE78E-28CD-451A-A5AD-0B6636BE8A87}.Debug|Any CPU.Build.0 = Debug|Any CPU
		{02FAE78E-28CD-451A-A5AD-0B6636BE8A87}.Release|Any CPU.ActiveCfg = Release|Any CPU
		{02FAE78E-28CD-451A-A5AD-0B6636BE8A87}.Release|Any CPU.Build.0 = Release|Any CPU
		{6A80172D-EAC4-4122-9DC8-22ECBC25B8C7}.Debug|Any CPU.ActiveCfg = Debug|Any CPU
		{6A80172D-EAC4-4122-9DC8-22ECBC25B8C7}.Debug|Any CPU.Build.0 = Debug|Any CPU
		{6A80172D-EAC4-4122-9DC8-22ECBC25B8C7}.Release|Any CPU.ActiveCfg = Release|Any CPU
		{6A80172D-EAC4-4122-9DC8-22ECBC25B8C7}.Release|Any CPU.Build.0 = Release|Any CPU
		{3C93C2DC-16D6-4CAA-995B-21353909F64D}.Debug|Any CPU.ActiveCfg = Debug|Any CPU
		{3C93C2DC-16D6-4CAA-995B-21353909F64D}.Debug|Any CPU.Build.0 = Debug|Any CPU
		{3C93C2DC-16D6-4CAA-995B-21353909F64D}.Release|Any CPU.ActiveCfg = Release|Any CPU
		{3C93C2DC-16D6-4CAA-995B-21353909F64D}.Release|Any CPU.Build.0 = Release|Any CPU
		{B5376B38-36C8-4DDD-B21E-9E19BB7F3FE2}.Debug|Any CPU.ActiveCfg = Debug|Any CPU
		{B5376B38-36C8-4DDD-B21E-9E19BB7F3FE2}.Debug|Any CPU.Build.0 = Debug|Any CPU
		{B5376B38-36C8-4DDD-B21E-9E19BB7F3FE2}.Release|Any CPU.ActiveCfg = Release|Any CPU
		{B5376B38-36C8-4DDD-B21E-9E19BB7F3FE2}.Release|Any CPU.Build.0 = Release|Any CPU
		{F4487535-D56F-4748-A495-3870DDC89C20}.Debug|Any CPU.ActiveCfg = Debug|Any CPU
		{F4487535-D56F-4748-A495-3870DDC89C20}.Debug|Any CPU.Build.0 = Debug|Any CPU
		{F4487535-D56F-4748-A495-3870DDC89C20}.Release|Any CPU.ActiveCfg = Release|Any CPU
		{F4487535-D56F-4748-A495-3870DDC89C20}.Release|Any CPU.Build.0 = Release|Any CPU
	EndGlobalSection
	GlobalSection(SolutionProperties) = preSolution
		HideSolutionNode = FALSE
	EndGlobalSection
	GlobalSection(ExtensibilityGlobals) = postSolution
		SolutionGuid = {E167001A-F70B-4395-8216-6232FA9961A6}
	EndGlobalSection
EndGlobal
